
Microsoft Visual Studio Solution File, Format Version 12.00
# Visual Studio Version 17
VisualStudioVersion = 17.7.34031.279
MinimumVisualStudioVersion = 10.0.40219.1
Project("{FAE04EC0-301F-11D3-BF4B-00C04F79EFBC}") = "Sweeft", "Sweeft\Sweeft.csproj", "{1F23BF0D-44F3-4449-B5C8-5F07C0ECD990}"
EndProject
Global
	GlobalSection(SolutionConfigurationPlatforms) = preSolution
		Debug|Any CPU = Debug|Any CPU
		Release|Any CPU = Release|Any CPU
	EndGlobalSection
	GlobalSection(ProjectConfigurationPlatforms) = postSolution
		{1F23BF0D-44F3-4449-B5C8-5F07C0ECD990}.Debug|Any CPU.ActiveCfg = Debug|Any CPU
		{1F23BF0D-44F3-4449-B5C8-5F07C0ECD990}.Debug|Any CPU.Build.0 = Debug|Any CPU
		{1F23BF0D-44F3-4449-B5C8-5F07C0ECD990}.Release|Any CPU.ActiveCfg = Release|Any CPU
		{1F23BF0D-44F3-4449-B5C8-5F07C0ECD990}.Release|Any CPU.Build.0 = Release|Any CPU
	EndGlobalSection
	GlobalSection(SolutionProperties) = preSolution
		HideSolutionNode = FALSE
	EndGlobalSection
	GlobalSection(ExtensibilityGlobals) = postSolution
		SolutionGuid = {929529A4-DE75-4919-8E2D-3E08D05CBFBE}
	EndGlobalSection
EndGlobal
